
Microsoft Visual Studio Solution File, Format Version 12.00
# Visual Studio Version 17
VisualStudioVersion = 17.0.31903.59
MinimumVisualStudioVersion = 10.0.40219.1
Project("{FAE04EC0-301F-11D3-BF4B-00C04F79EFBC}") = "PDStepperClient", "PDStepperClient\PDStepperClient.csproj", "{15C71551-1A65-4004-A3CA-67120CB62476}"
EndProject
Project("{FAE04EC0-301F-11D3-BF4B-00C04F79EFBC}") = "PDStepperTest", "PDStepperTest\PDStepperTest.csproj", "{571FA2BF-9E42-4442-9E6A-205C16FF9A04}"
EndProject
Global
	GlobalSection(SolutionConfigurationPlatforms) = preSolution
		Debug|Any CPU = Debug|Any CPU
		Release|Any CPU = Release|Any CPU
	EndGlobalSection
	GlobalSection(SolutionProperties) = preSolution
		HideSolutionNode = FALSE
	EndGlobalSection
	GlobalSection(ProjectConfigurationPlatforms) = postSolution
		{15C71551-1A65-4004-A3CA-67120CB62476}.Debug|Any CPU.ActiveCfg = Debug|Any CPU
		{15C71551-1A65-4004-A3CA-67120CB62476}.Debug|Any CPU.Build.0 = Debug|Any CPU
		{15C71551-1A65-4004-A3CA-67120CB62476}.Release|Any CPU.ActiveCfg = Release|Any CPU
		{15C71551-1A65-4004-A3CA-67120CB62476}.Release|Any CPU.Build.0 = Release|Any CPU
		{571FA2BF-9E42-4442-9E6A-205C16FF9A04}.Debug|Any CPU.ActiveCfg = Debug|Any CPU
		{571FA2BF-9E42-4442-9E6A-205C16FF9A04}.Debug|Any CPU.Build.0 = Debug|Any CPU
		{571FA2BF-9E42-4442-9E6A-205C16FF9A04}.Release|Any CPU.ActiveCfg = Release|Any CPU
		{571FA2BF-9E42-4442-9E6A-205C16FF9A04}.Release|Any CPU.Build.0 = Release|Any CPU
	EndGlobalSection
EndGlobal
